github.com/Splidejs/splide v4.1.3+incompatible h1:ms0c3Tem9Bq7qcr88nLspZi2SW14mYnj4CVuHGqJbzA=
github.com/Splidejs/splide v4.1.3+incompatible/go.mod h1:N10tHuOP81a5HGua3PmZVrpMiBmf/KhId8jZt0oShNk=
github.com/dixonandmoe/rellax v0.0.0-20240824005335-9ed6cb0aae03 h1:TyZM0MK9+09/vGdnH8N9xVFix5f1vzU90V5WCyL16oE=
github.com/dixonandmoe/rellax v0.0.0-20240824005335-9ed6cb0aae03/go.mod h1:CJ8UtS8LPLOSmpvwRkQJkwqOwwXaDfH5S7iG83GKAlY=
github.com/hugolify/hugolify-admin/v2 v2.0.0-27 h1:qFd/iMD/tkZ7+KvKAvZ7W4Fx2hR3fRDzvtojCC9V9wQ=
github.com/hugolify/hugolify-admin/v2 v2.0.0-27/go.mod h1:lPDkZn5SuJ2zB96xU/kKH3gNWOovqgxutjgnBOin48M=
github.com/hugolify/hugolify-theme-awards/v2 v2.0.0-20261009094052-55c099097c21 h1:c3Q6LKgiYJVH65f2cXOfmqjk6hLHTVgxHg7dOECqS6Y=
github.com/hugolify/hugolify-theme-awards/v2 v2.0.0-20261009094052-55c099097c21/go.mod h1:mOaCpWj77xBVwyu3C7ftCyEGgEQXjPYtd9Y4VPYQuaQ=
github.com/hugolify/hugolify-theme-design-system v0.0.0-20261009140824-82663cec99a8 h1:IyAv6O+HzBb4/PkZAJCbSINolY8yg7MYibpb5Y26eWw=
github.com/hugolify/hugolify-theme-design-system v0.0.0-20261009140824-82663cec99a8/go.mod h1:pmx1M5Ej9OhNx59jVsqRWhWHSv0JVx6U9txsqTWauTQ=
github.com/hugolify/hugolify-theme-docs/v2 v2.0.0-20261009094139-a5b427476ff4 h1:C+i1AcinZN0AWS5R3eFeug9/foG8p74QEmPjsOb4imc=
github.com/hugolify/hugolify-theme-docs/v2 v2.0.0-20261009094139-a5b427476ff4/go.mod h1:L+idmDTe/Y+zi2lxe7BakjDgywPvNJ5NISKvEb/DwrU=
github.com/hugolify/hugolify-theme-expertises/v2 v2.3.0 h1:0iiyJYVy7VrOeTbI74osxtHYhLBMb/xEbGL6gkT6sSw=
github.com/hugolify/hugolify-theme-expertises/v2 v2.3.0/go.mod h1:yJccPpJzQlZwC6y+QEwAek/qA3FwWgend9us2qoxYzo=
github.com/hugolify/hugolify-theme-icons v0.0.0-20261005082152-4cf544470a42 h1:unb4Gy8TibWbMqUvT18IqsRwctMm4x16M3nwFDD+m5s=
github.com/hugolify/hugolify-theme-icons v0.0.0-20261005082152-4cf544470a42/go.mod h1:tgu9FOg5nxqOuBWLjq/bPaK08+qruITqMrjbUq5QBQg=
github.com/hugolify/hugolify-theme-jobs/v2 v2.0.0-20261009094303-45197463476f h1:/tVfi/StV6tKZ2/1e+qdeyxjSS2g3HNHOcrON4yPra4=
github.com/hugolify/hugolify-theme-jobs/v2 v2.0.0-20261009094303-45197463476f/go.mod h1:ao52uIyWti5dd056hMhp0CqgrGFCQ2MVmYxk4OxaRno=
github.com/hugolify/hugolify-theme-persons-expertises/v2 v2.3.0 h1:K4jAGUafkds1mQ5/l1bxJEvpRWgd5FaSr32PzYossfI=
github.com/hugolify/hugolify-theme-persons-expertises/v2 v2.3.0/go.mod h1:E+aHCuWxFobGW5YS1WJu7NVqY2GX3A8+E2HQMh+fang=
github.com/hugolify/hugolify-theme-persons-places/v2 v2.3.0 h1:uGYrLptQMQt6v5XS+Qqe47WFzzIJwAqA1ziKeZ3hlVk=
github.com/hugolify/hugolify-theme-persons-places/v2 v2.3.0/go.mod h1:giC/fyJ566sIpN3pRL7U/QUgLn7x2jbtUC43LcanwtM=
github.com/hugolify/hugolify-theme-persons-statutes/v2 v2.2.0 h1:0P7WGGsB2HCATGyDPYwX0wVHadrv6IBxa/A6XzDhYsI=
github.com/hugolify/hugolify-theme-persons-statutes/v2 v2.2.0/go.mod h1:1XYXeiCZ9LKRC3nTXpZXLle/u3cPM8wv93kMRU6un0c=
github.com/hugolify/hugolify-theme-persons/v2 v2.9.0 h1:1IWO5fJ9jmzJljzNp8OmaEJahRggagfvglUD6DisvOA=
github.com/hugolify/hugolify-theme-persons/v2 v2.9.0/go.mod h1:dcfGtBGSkxN2xBuJgd0bYzklhtRm83a7EVU1SWtSH3c=
github.com/hugolify/hugolify-theme-places/v2 v2.4.0 h1:NsVAYJwrSEv843nR60PCYUhyd+MBvoh6ZlTk4LCn9Q8=
github.com/hugolify/hugolify-theme-places/v2 v2.4.0/go.mod h1:rnG3L4MOuF23aZZITOMeINMP8EO8m+2l/y35lAaDHho=
github.com/hugolify/hugolify-theme-posts-authors/v2 v2.3.0 h1:JayHb9sJKXE91sbSgPFu288af1RSK29T1f0R4kWbXcE=
github.com/hugolify/hugolify-theme-posts-authors/v2 v2.3.0/go.mod h1:657Arg3VE+dWHF6XCl3lArwGlvezyQk9KGpkFLzJOto=
github.com/hugolify/hugolify-theme-posts-categories/v2 v2.2.0 h1:1mULKvbxjEqdpntM7agf0WM+0qatFHFhKs3dYspctEM=
github.com/hugolify/hugolify-theme-posts-categories/v2 v2.2.0/go.mod h1:M4+mhOYsEcrEXmB+82KKsXq9dUyOC9YrrX/rxW/x6cE=
github.com/hugolify/hugolify-theme-posts-expertises/v2 v2.3.0 h1:JhFCwe9+e12uvxpOmVMoh3EtR3G7a0T45GipsIMTLJU=
github.com/hugolify/hugolify-theme-posts-expertises/v2 v2.3.0/go.mod h1:vXzSjfWvZ6jM5Td4ggBbkuj5//CRA+N2Hh25KFVu/2g=
github.com/hugolify/hugolify-theme-posts-tags/v2 v2.2.0 h1:hNaAPjWTC07cY4jsOc8uCzksRlMK2VgQovEED9mgqrw=
github.com/hugolify/hugolify-theme-posts-tags/v2 v2.2.0/go.mod h1:FYnmCa2AG/XFF0XfNjc2GV5xQ8GUsGTxGb4iH50am1s=
github.com/hugolify/hugolify-theme-posts/v2 v2.5.0 h1:JsQ71ZgYyKZS9ShqzFNbbYeC4d53nlndJEbvC8iAPP4=
github.com/hugolify/hugolify-theme-posts/v2 v2.5.0/go.mod h1:dHhV8ouOmfrMz7Kz+LFhc8vCBb8sugI5d9wDzhO1n2M=
github.com/hugolify/hugolify-theme-products/v2 v2.0.0-20261009100549-ba3f411a344c h1:wibKGyqs4Qv0VUv+c6qIeU2yfCTvk5ATBEwXwUI1P9I=
github.com/hugolify/hugolify-theme-products/v2 v2.0.0-20261009100549-ba3f411a344c/go.mod h1:eAbDgSMf/TK6EG+Cek97Kpr4gy80WQL1Pjs5bwST0lo=
github.com/hugolify/hugolify-theme-publications-categories/v2 v2.2.0 h1:2QAOe65bxSSrCYe8i7iU5ysrAz1Z7BsJcm2Anh+vfh0=
github.com/hugolify/hugolify-theme-publications-categories/v2 v2.2.0/go.mod h1:8SwM1ttyjtRsmwx3HmJK9/iwCI0pdsnpQqdLoYtQss4=
github.com/hugolify/hugolify-theme-publications-expertises/v2 v2.2.0 h1:Y1DNrgMppHNv+A5Xl7XFRKgQiHyDfjZJM9NHlSmj0lI=
github.com/hugolify/hugolify-theme-publications-expertises/v2 v2.2.0/go.mod h1:8BBzjgWuIKQquWrMwFZ5Hl8It4vYhlUIVJ74oPrKAL0=
github.com/hugolify/hugolify-theme-publications-persons/v2 v2.3.0 h1:H+K/blYqUUEWe3xsCRdpm4MYXbr6LrUC8JGLK3HiVKw=
github.com/hugolify/hugolify-theme-publications-persons/v2 v2.3.0/go.mod h1:mpiWALp1H9syS0fiOXUu9IF/BGtq7mdnXtIKP7Met74=
github.com/hugolify/hugolify-theme-publications/v2 v2.4.0 h1:tpEX3cm7PsPUpVMrxV9HGWmBqKW79DbiKOy/K6W+8tM=
github.com/hugolify/hugolify-theme-publications/v2 v2.4.0/go.mod h1:t+crYpkK1B3U3Amz+Auy0CxPA0rq0dEWGGh/EPeVxQk=
github.com/hugolify/hugolify-theme-realestates-persons/v2 v2.2.0 h1:6GjItXBt6JwfpG3fkqze/lM6A4S7qlO0VniWCHI1i20=
github.com/hugolify/hugolify-theme-realestates-persons/v2 v2.2.0/go.mod h1:9Ml1E8lYpC0Fz7NJyq2cvEONACm9yh+8PlrAz3JUqB0=
github.com/hugolify/hugolify-theme-realestates/v2 v2.3.0 h1:/T/vo3PYaxDpj7OeymqygdUHZiYwlcvexgEqv0AQoKQ=
github.com/hugolify/hugolify-theme-realestates/v2 v2.3.0/go.mod h1:sPw8JpOaARr+0BW4Q5QikDNV9iX+NK8y3y3M8l9MyE4=
github.com/hugolify/hugolify-theme/v2 v2.40.1 h1:eUHGdokOZnom1pPESqE8knyLhnvwZrhSrt5kdKlUA10=
github.com/hugolify/hugolify-theme/v2 v2.40.1/go.mod h1:49bO1E1dltejQfsaP5EYB4dv7oOUDhyWWio9OWK9FAw=
github.com/lucide-icons/lucide v0.265.1-0.20261009142924-70562c1ee1c4 h1:gEMbOBO5CUWikzduLN3i1YNJoyNirb/dfzLrz6FSTCk=
github.com/lucide-icons/lucide v0.265.1-0.20261009142924-70562c1ee1c4/go.mod h1:0HX/9u6n25zuV2HgBIuqfMfDktGNXmsvYqL1cOK4aWc=
github.com/midzer/tobii v3.2.0+incompatible h1:+08xCdrQ8dlXrkBIOJFsIUsfgme4Ou1CUfbqDmeX/Hc=
github.com/midzer/tobii v3.2.0+incompatible/go.mod h1:ByXFkVm8ja2+TXT7L+lfkdEIeHW4IdWdsQO8zJ5mEqA=
github.com/orestbida/cookieconsent v3.1.0+incompatible h1:L2uj16SEL1bICkn6pJde9uc1qAPmTcEiFZO93zZKdQI=
github.com/orestbida/cookieconsent v3.1.0+incompatible/go.mod h1:8N46VI/40AwvzASJDpiwfbu6zylSzKSDZRUVNmVXLxw=
github.com/simple-icons/simple-icons v0.0.0-20260607021030-c3777a7e48a5 h1:KMtcHeiD7TpsH/GQhibbHc1Nd8SB3p2VW6S3lCYk4Vs=
github.com/simple-icons/simple-icons v0.0.0-20260607021030-c3777a7e48a5/go.mod h1:oOgUUt8yVYOso/wEBi2ojfZP2MU/xxiNccIpaE+jCvE=
