github.com/Splidejs/splide v4.1.3+incompatible h1:ms0c3Tem9Bq7qcr88nLspZi2SW14mYnj4CVuHGqJbzA=
github.com/Splidejs/splide v4.1.3+incompatible/go.mod h1:N10tHuOP81a5HGua3PmZVrpMiBmf/KhId8jZt0oShNk=
github.com/dixonandmoe/rellax v0.0.0-20240824005335-9ed6cb0aae03 h1:TyZM0MK9+09/vGdnH8N9xVFix5f1vzU90V5WCyL16oE=
github.com/dixonandmoe/rellax v0.0.0-20240824005335-9ed6cb0aae03/go.mod h1:CJ8UtS8LPLOSmpvwRkQJkwqOwwXaDfH5S7iG83GKAlY=
github.com/hugolify/hugolify-admin/v2 v2.0.0-26 h1:s7SprAWFgGm8V9mAb3tKnJKhA//eIx7ya9+fe4GpBJg=
github.com/hugolify/hugolify-admin/v2 v2.0.0-26/go.mod h1:lPDkZn5SuJ2zB96xU/kKH3gNWOovqgxutjgnBOin48M=
github.com/hugolify/hugolify-example-site/v2 v2.2.0 h1:c5AnK3IkYaLlj7DcOo57Y5vbXgiLyzaGDV+0qW6ZZ+g=
github.com/hugolify/hugolify-example-site/v2 v2.2.0/go.mod h1:nT68VCH72KgipiP2kq7vlqH9jLkRmGm1xO5CYau5GhA=
github.com/hugolify/hugolify-theme-awards/v2 v2.0.0-20260921161307-fbbffa70486e h1:fYUE7yHReRTBLw3eODUu0f2KxiferHAwR8Wm5QtmH6A=
github.com/hugolify/hugolify-theme-awards/v2 v2.0.0-20260921161307-fbbffa70486e/go.mod h1:mOaCpWj77xBVwyu3C7ftCyEGgEQXjPYtd9Y4VPYQuaQ=
github.com/hugolify/hugolify-theme-design-system v0.0.0-20261006135651-d9636d72adb6 h1:kIB3xsSI6y9/fsFzEn5IPSC9vRuePHupEkRdY7RlJXY=
github.com/hugolify/hugolify-theme-design-system v0.0.0-20261006135651-d9636d72adb6/go.mod h1:pmx1M5Ej9OhNx59jVsqRWhWHSv0JVx6U9txsqTWauTQ=
github.com/hugolify/hugolify-theme-docs/v2 v2.0.0-20260908101900-d1c813828f6e h1:a5Uj2FFQ/FB1Nr9shxnatdJmdUzoCcREMXLUulf+IJM=
github.com/hugolify/hugolify-theme-docs/v2 v2.0.0-20260908101900-d1c813828f6e/go.mod h1:L+idmDTe/Y+zi2lxe7BakjDgywPvNJ5NISKvEb/DwrU=
github.com/hugolify/hugolify-theme-expertises/v2 v2.2.0 h1:J0LCnNGnPYnaeEPO4wWVlvmcnXoInR8+4x5g0yHXwBU=
github.com/hugolify/hugolify-theme-expertises/v2 v2.2.0/go.mod h1:yJccPpJzQlZwC6y+QEwAek/qA3FwWgend9us2qoxYzo=
github.com/hugolify/hugolify-theme-icons v0.0.0-20261005082152-4cf544470a42 h1:unb4Gy8TibWbMqUvT18IqsRwctMm4x16M3nwFDD+m5s=
github.com/hugolify/hugolify-theme-icons v0.0.0-20261005082152-4cf544470a42/go.mod h1:tgu9FOg5nxqOuBWLjq/bPaK08+qruITqMrjbUq5QBQg=
github.com/hugolify/hugolify-theme-jobs/v2 v2.0.0-20261005190351-087a0a9a1e5c h1:OTwdbm7cZkhKspVPRgT7OMiKB3K9m3aBG19qlJamxpE=
github.com/hugolify/hugolify-theme-jobs/v2 v2.0.0-20261005190351-087a0a9a1e5c/go.mod h1:ao52uIyWti5dd056hMhp0CqgrGFCQ2MVmYxk4OxaRno=
github.com/hugolify/hugolify-theme-persons-expertises/v2 v2.2.0 h1:RZM9HmPoOTbifXcdlG6YNtBYW7DXJUEEltZf+mJIk8A=
github.com/hugolify/hugolify-theme-persons-expertises/v2 v2.2.0/go.mod h1:E+aHCuWxFobGW5YS1WJu7NVqY2GX3A8+E2HQMh+fang=
github.com/hugolify/hugolify-theme-persons-places/v2 v2.3.0 h1:uGYrLptQMQt6v5XS+Qqe47WFzzIJwAqA1ziKeZ3hlVk=
github.com/hugolify/hugolify-theme-persons-places/v2 v2.3.0/go.mod h1:giC/fyJ566sIpN3pRL7U/QUgLn7x2jbtUC43LcanwtM=
github.com/hugolify/hugolify-theme-persons-statutes/v2 v2.1.0 h1:uVCu7nhyHxHfDpohdXoYvDP9n4CHsYaU9TKsXXgZd8Q=
github.com/hugolify/hugolify-theme-persons-statutes/v2 v2.1.0/go.mod h1:1XYXeiCZ9LKRC3nTXpZXLle/u3cPM8wv93kMRU6un0c=
github.com/hugolify/hugolify-theme-persons/v2 v2.8.0 h1:xM4sEJUjJ5M5L8UWV5pVbAe+bNucWuoEKC57j3ieI10=
github.com/hugolify/hugolify-theme-persons/v2 v2.8.0/go.mod h1:dcfGtBGSkxN2xBuJgd0bYzklhtRm83a7EVU1SWtSH3c=
github.com/hugolify/hugolify-theme-places/v2 v2.3.0 h1:evfKDXEXChnnwyk/D7AEk0vSN/k40BXcLVo3dkyB10g=
github.com/hugolify/hugolify-theme-places/v2 v2.3.0/go.mod h1:rnG3L4MOuF23aZZITOMeINMP8EO8m+2l/y35lAaDHho=
github.com/hugolify/hugolify-theme-posts-authors/v2 v2.2.0 h1:T410ENpbuOAtzmrIyQj8XirN6jlfsO+DZgh0t0vh4Go=
github.com/hugolify/hugolify-theme-posts-authors/v2 v2.2.0/go.mod h1:657Arg3VE+dWHF6XCl3lArwGlvezyQk9KGpkFLzJOto=
github.com/hugolify/hugolify-theme-posts-categories/v2 v2.1.0 h1:us/yXGja/BLh0EOjH1ic/DdiTF/VptbhR+uUpCgpb5w=
github.com/hugolify/hugolify-theme-posts-categories/v2 v2.1.0/go.mod h1:M4+mhOYsEcrEXmB+82KKsXq9dUyOC9YrrX/rxW/x6cE=
github.com/hugolify/hugolify-theme-posts-expertises/v2 v2.2.0 h1:xs4gq+iYiYfAKGx+C76iOSSQlC0Ukt5/XnSbHZgEtOU=
github.com/hugolify/hugolify-theme-posts-expertises/v2 v2.2.0/go.mod h1:vXzSjfWvZ6jM5Td4ggBbkuj5//CRA+N2Hh25KFVu/2g=
github.com/hugolify/hugolify-theme-posts-tags/v2 v2.1.0 h1:Sm8cGaSIMjtpxlx2JYDC5J9T3c8kY5LBjATmsASbTGQ=
github.com/hugolify/hugolify-theme-posts-tags/v2 v2.1.0/go.mod h1:FYnmCa2AG/XFF0XfNjc2GV5xQ8GUsGTxGb4iH50am1s=
github.com/hugolify/hugolify-theme-posts/v2 v2.4.1 h1:atmSKyOcUAVMTZVp3CLK2QXF/cqkN/hiioBqArp6ZME=
github.com/hugolify/hugolify-theme-posts/v2 v2.4.1/go.mod h1:dHhV8ouOmfrMz7Kz+LFhc8vCBb8sugI5d9wDzhO1n2M=
github.com/hugolify/hugolify-theme-products/v2 v2.0.0-20260908194646-5267dfda16eb h1:1imtqfxm3BlD9WdikO3j/uMmraR9i2PSRYlgIjsQMlY=
github.com/hugolify/hugolify-theme-products/v2 v2.0.0-20260908194646-5267dfda16eb/go.mod h1:eAbDgSMf/TK6EG+Cek97Kpr4gy80WQL1Pjs5bwST0lo=
github.com/hugolify/hugolify-theme-publications-categories/v2 v2.1.0 h1:Jniwpc51r+sblRN9F+BGGQDhdCqaHOUlRPmE5KwADQg=
github.com/hugolify/hugolify-theme-publications-categories/v2 v2.1.0/go.mod h1:8SwM1ttyjtRsmwx3HmJK9/iwCI0pdsnpQqdLoYtQss4=
github.com/hugolify/hugolify-theme-publications-expertises/v2 v2.1.0 h1:XzxxA7CcW3E53/uv7o1YBDhKg//dRc7dOhQb96puU/A=
github.com/hugolify/hugolify-theme-publications-expertises/v2 v2.1.0/go.mod h1:8BBzjgWuIKQquWrMwFZ5Hl8It4vYhlUIVJ74oPrKAL0=
github.com/hugolify/hugolify-theme-publications-persons/v2 v2.2.0 h1:ZO9o/ZPvxJu2RrDn+OH8LF2QWQZVm+Yx0oq/F+asWSk=
github.com/hugolify/hugolify-theme-publications-persons/v2 v2.2.0/go.mod h1:mpiWALp1H9syS0fiOXUu9IF/BGtq7mdnXtIKP7Met74=
github.com/hugolify/hugolify-theme-publications/v2 v2.3.0 h1:vfuu1s9m/Oh4B6BnJfIYC1n55ef+WO6xa3gdM0j9Uxo=
github.com/hugolify/hugolify-theme-publications/v2 v2.3.0/go.mod h1:t+crYpkK1B3U3Amz+Auy0CxPA0rq0dEWGGh/EPeVxQk=
github.com/hugolify/hugolify-theme-realestates-persons/v2 v2.1.0 h1:ydsd0WnBrU6wmvRYdvtzXwRkIXAsiHjvzOW+rajkiHk=
github.com/hugolify/hugolify-theme-realestates-persons/v2 v2.1.0/go.mod h1:9Ml1E8lYpC0Fz7NJyq2cvEONACm9yh+8PlrAz3JUqB0=
github.com/hugolify/hugolify-theme-realestates/v2 v2.2.0 h1:XuRpgS+iOGRCnWVSyj6NBFGvB2xwPF89gFl3VCnVe+8=
github.com/hugolify/hugolify-theme-realestates/v2 v2.2.0/go.mod h1:sPw8JpOaARr+0BW4Q5QikDNV9iX+NK8y3y3M8l9MyE4=
github.com/hugolify/hugolify-theme/v2 v2.36.0 h1:OAaPKhib/NOxj2ykU2rZ+T0HQuWiulasvN/vXF+2GNY=
github.com/hugolify/hugolify-theme/v2 v2.36.0/go.mod h1:49bO1E1dltejQfsaP5EYB4dv7oOUDhyWWio9OWK9FAw=
github.com/lucide-icons/lucide v0.265.1-0.20261006081522-1fae58d0a9c6 h1:ZLx/3Z9Q+/J+QIEed1Lncss4w1GgYudcXwp+gOE3Vzc=
github.com/lucide-icons/lucide v0.265.1-0.20261006081522-1fae58d0a9c6/go.mod h1:0HX/9u6n25zuV2HgBIuqfMfDktGNXmsvYqL1cOK4aWc=
github.com/midzer/tobii v3.2.0+incompatible h1:+08xCdrQ8dlXrkBIOJFsIUsfgme4Ou1CUfbqDmeX/Hc=
github.com/midzer/tobii v3.2.0+incompatible/go.mod h1:ByXFkVm8ja2+TXT7L+lfkdEIeHW4IdWdsQO8zJ5mEqA=
github.com/orestbida/cookieconsent v3.1.0+incompatible h1:L2uj16SEL1bICkn6pJde9uc1qAPmTcEiFZO93zZKdQI=
github.com/orestbida/cookieconsent v3.1.0+incompatible/go.mod h1:8N46VI/40AwvzASJDpiwfbu6zylSzKSDZRUVNmVXLxw=
github.com/simple-icons/simple-icons v0.0.0-20260607021030-c3777a7e48a5 h1:KMtcHeiD7TpsH/GQhibbHc1Nd8SB3p2VW6S3lCYk4Vs=
github.com/simple-icons/simple-icons v0.0.0-20260607021030-c3777a7e48a5/go.mod h1:oOgUUt8yVYOso/wEBi2ojfZP2MU/xxiNccIpaE+jCvE=
